
Microsoft Visual Studio Solution File, Format Version 12.00
# Visual Studio Version 16
VisualStudioVersion = 16.0.30621.155
MinimumVisualStudioVersion = 10.0.40219.1
Project("{FAE04EC0-301F-11D3-BF4B-00C04F79EFBC}") = "RallySimulator.Domain", "RallySimulator.Domain\RallySimulator.Domain.csproj", "{7B927F0F-D1F1-453E-AF3E-4E968B6A6B0E}"
EndProject
Global
	GlobalSection(SolutionConfigurationPlatforms) = preSolution
		Debug|Any CPU = Debug|Any CPU
		Release|Any CPU = Release|Any CPU
	EndGlobalSection
	GlobalSection(ProjectConfigurationPlatforms) = postSolution
		{7B927F0F-D1F1-453E-AF3E-4E968B6A6B0E}.Debug|Any CPU.ActiveCfg = Debug|Any CPU
		{7B927F0F-D1F1-453E-AF3E-4E968B6A6B0E}.Debug|Any CPU.Build.0 = Debug|Any CPU
		{7B927F0F-D1F1-453E-AF3E-4E968B6A6B0E}.Release|Any CPU.ActiveCfg = Release|Any CPU
		{7B927F0F-D1F1-453E-AF3E-4E968B6A6B0E}.Release|Any CPU.Build.0 = Release|Any CPU
	EndGlobalSection
	GlobalSection(SolutionProperties) = preSolution
		HideSolutionNode = FALSE
	EndGlobalSection
	GlobalSection(ExtensibilityGlobals) = postSolution
		SolutionGuid = {29C86E48-7591-442F-AA6E-C37760DB5E89}
	EndGlobalSection
EndGlobal
