
Microsoft Visual Studio Solution File, Format Version 12.00
# Visual Studio Version 16
VisualStudioVersion = 16.0.30621.155
MinimumVisualStudioVersion = 10.0.40219.1
Project("{9A19103F-16F7-4668-BE54-9A1E7A4F7556}") = "RallySimulator.Domain", "RallySimulator.Domain\RallySimulator.Domain.csproj", "{7B927F0F-D1F1-453E-AF3E-4E968B6A6B0E}"
EndProject
Project("{2150E333-8FDC-42A3-9474-1A3956D46DE8}") = "Solution Items", "Solution Items", "{94559210-9B47-4A69-8B40-23A947A675E7}"
	ProjectSection(SolutionItems) = preProject
		.editorconfig = .editorconfig
	EndProjectSection
EndProject
Project("{9A19103F-16F7-4668-BE54-9A1E7A4F7556}") = "RallySimulator.Application", "RallySimulator.Application\RallySimulator.Application.csproj", "{BB1589D1-BAAD-47E4-B18F-8273F6FD5020}"
EndProject
Project("{9A19103F-16F7-4668-BE54-9A1E7A4F7556}") = "RallySimulator.Infrastructure", "RallySimulator.Infrastructure\RallySimulator.Infrastructure.csproj", "{14321B0D-EB1C-4382-89E0-F8A51F333E00}"
EndProject
Project("{9A19103F-16F7-4668-BE54-9A1E7A4F7556}") = "RallySimulator.Persistence", "RallySimulator.Persistence\RallySimulator.Persistence.csproj", "{F67C5FC5-5A8E-4ADF-AF22-0C545CF0C858}"
EndProject
Project("{9A19103F-16F7-4668-BE54-9A1E7A4F7556}") = "RallySimulator.Api", "RallySimulator.Api\RallySimulator.Api.csproj", "{6F97BA00-13EA-4D54-B231-ACA26110CFE3}"
EndProject
Project("{FAE04EC0-301F-11D3-BF4B-00C04F79EFBC}") = "RallySimulator.BackgroundTasks", "RallySimulator.BackgroundTasks\RallySimulator.BackgroundTasks.csproj", "{B2459B06-1DB3-4DBC-B405-476FC43E8289}"
EndProject
Global
	GlobalSection(SolutionConfigurationPlatforms) = preSolution
		Debug|Any CPU = Debug|Any CPU
		Release|Any CPU = Release|Any CPU
	EndGlobalSection
	GlobalSection(ProjectConfigurationPlatforms) = postSolution
		{7B927F0F-D1F1-453E-AF3E-4E968B6A6B0E}.Debug|Any CPU.ActiveCfg = Debug|Any CPU
		{7B927F0F-D1F1-453E-AF3E-4E968B6A6B0E}.Debug|Any CPU.Build.0 = Debug|Any CPU
		{7B927F0F-D1F1-453E-AF3E-4E968B6A6B0E}.Release|Any CPU.ActiveCfg = Release|Any CPU
		{7B927F0F-D1F1-453E-AF3E-4E968B6A6B0E}.Release|Any CPU.Build.0 = Release|Any CPU
		{BB1589D1-BAAD-47E4-B18F-8273F6FD5020}.Debug|Any CPU.ActiveCfg = Debug|Any CPU
		{BB1589D1-BAAD-47E4-B18F-8273F6FD5020}.Debug|Any CPU.Build.0 = Debug|Any CPU
		{BB1589D1-BAAD-47E4-B18F-8273F6FD5020}.Release|Any CPU.ActiveCfg = Release|Any CPU
		{BB1589D1-BAAD-47E4-B18F-8273F6FD5020}.Release|Any CPU.Build.0 = Release|Any CPU
		{14321B0D-EB1C-4382-89E0-F8A51F333E00}.Debug|Any CPU.ActiveCfg = Debug|Any CPU
		{14321B0D-EB1C-4382-89E0-F8A51F333E00}.Debug|Any CPU.Build.0 = Debug|Any CPU
		{14321B0D-EB1C-4382-89E0-F8A51F333E00}.Release|Any CPU.ActiveCfg = Release|Any CPU
		{14321B0D-EB1C-4382-89E0-F8A51F333E00}.Release|Any CPU.Build.0 = Release|Any CPU
		{F67C5FC5-5A8E-4ADF-AF22-0C545CF0C858}.Debug|Any CPU.ActiveCfg = Debug|Any CPU
		{F67C5FC5-5A8E-4ADF-AF22-0C545CF0C858}.Debug|Any CPU.Build.0 = Debug|Any CPU
		{F67C5FC5-5A8E-4ADF-AF22-0C545CF0C858}.Release|Any CPU.ActiveCfg = Release|Any CPU
		{F67C5FC5-5A8E-4ADF-AF22-0C545CF0C858}.Release|Any CPU.Build.0 = Release|Any CPU
		{6F97BA00-13EA-4D54-B231-ACA26110CFE3}.Debug|Any CPU.ActiveCfg = Debug|Any CPU
		{6F97BA00-13EA-4D54-B231-ACA26110CFE3}.Debug|Any CPU.Build.0 = Debug|Any CPU
		{6F97BA00-13EA-4D54-B231-ACA26110CFE3}.Release|Any CPU.ActiveCfg = Release|Any CPU
		{6F97BA00-13EA-4D54-B231-ACA26110CFE3}.Release|Any CPU.Build.0 = Release|Any CPU
		{B2459B06-1DB3-4DBC-B405-476FC43E8289}.Debug|Any CPU.ActiveCfg = Debug|Any CPU
		{B2459B06-1DB3-4DBC-B405-476FC43E8289}.Debug|Any CPU.Build.0 = Debug|Any CPU
		{B2459B06-1DB3-4DBC-B405-476FC43E8289}.Release|Any CPU.ActiveCfg = Release|Any CPU
		{B2459B06-1DB3-4DBC-B405-476FC43E8289}.Release|Any CPU.Build.0 = Release|Any CPU
	EndGlobalSection
	GlobalSection(SolutionProperties) = preSolution
		HideSolutionNode = FALSE
	EndGlobalSection
	GlobalSection(ExtensibilityGlobals) = postSolution
		SolutionGuid = {29C86E48-7591-442F-AA6E-C37760DB5E89}
	EndGlobalSection
EndGlobal
